
Microsoft Visual Studio Solution File, Format Version 12.00
# Visual Studio Version 17
VisualStudioVersion = 17.1.32328.378
MinimumVisualStudioVersion = 10.0.40219.1
Project("{9A19103F-16F7-4668-BE54-9A1E7A4F7556}") = "Assembly-CSharp", "Assembly-CSharp\Assembly-CSharp.csproj", "{9A08DC35-95C7-4103-836B-74DE85595B41}"
EndProject
Project("{9A19103F-16F7-4668-BE54-9A1E7A4F7556}") = "Assembly-CSharp-firstpass", "Assembly-CSharp-firstpass\Assembly-CSharp-firstpass.csproj", "{6E3A49B2-9A3A-41AA-9575-2E79C0743C65}"
EndProject
Global
	GlobalSection(SolutionConfigurationPlatforms) = preSolution
		Debug|Any CPU = Debug|Any CPU
		Debug|x64 = Debug|x64
		Release|Any CPU = Release|Any CPU
		Release|x64 = Release|x64
	EndGlobalSection
	GlobalSection(ProjectConfigurationPlatforms) = postSolution
		{9A08DC35-95C7-4103-836B-74DE85595B41}.Debug|Any CPU.ActiveCfg = Debug|x64
		{9A08DC35-95C7-4103-836B-74DE85595B41}.Debug|x64.ActiveCfg = Debug|x64
		{9A08DC35-95C7-4103-836B-74DE85595B41}.Debug|x64.Build.0 = Debug|x64
		{9A08DC35-95C7-4103-836B-74DE85595B41}.Release|Any CPU.ActiveCfg = Release|x64
		{9A08DC35-95C7-4103-836B-74DE85595B41}.Release|x64.ActiveCfg = Release|x64
		{9A08DC35-95C7-4103-836B-74DE85595B41}.Release|x64.Build.0 = Release|x64
		{6E3A49B2-9A3A-41AA-9575-2E79C0743C65}.Debug|Any CPU.ActiveCfg = Debug|x64
		{6E3A49B2-9A3A-41AA-9575-2E79C0743C65}.Debug|x64.ActiveCfg = Debug|x64
		{6E3A49B2-9A3A-41AA-9575-2E79C0743C65}.Debug|x64.Build.0 = Debug|x64
		{6E3A49B2-9A3A-41AA-9575-2E79C0743C65}.Release|Any CPU.ActiveCfg = Release|x64
		{6E3A49B2-9A3A-41AA-9575-2E79C0743C65}.Release|x64.ActiveCfg = Release|x64
		{6E3A49B2-9A3A-41AA-9575-2E79C0743C65}.Release|x64.Build.0 = Release|x64
	EndGlobalSection
	GlobalSection(SolutionProperties) = preSolution
		HideSolutionNode = FALSE
	EndGlobalSection
	GlobalSection(ExtensibilityGlobals) = postSolution
		SolutionGuid = {5F73464C-0D0B-4818-90B2-3D78E2A8B44C}
	EndGlobalSection
EndGlobal
